
Microsoft Visual Studio Solution File, Format Version 12.00
# Visual Studio 15
VisualStudioVersion = 15.0.27428.2005
MinimumVisualStudioVersion = 10.0.40219.1
Project("{8BC9CEB8-8B4A-11D0-8D11-00A0C91BC942}") = "FbSendMessage", "FbSendMessage.vcxproj", "{0AFDC965-5072-4970-944C-6ACC13955592}"
	ProjectSection(ProjectDependencies) = postProject
		{2661FA5E-ACC3-4D27-8FD2-9DBB0414EEDC} = {2661FA5E-ACC3-4D27-8FD2-9DBB0414EEDC}
	EndProjectSection
EndProject
Project("{8BC9CEB8-8B4A-11D0-8D11-00A0C91BC942}") = "gumbo", "gumbo-parser\visualc\gumbo.vcxproj", "{2661FA5E-ACC3-4D27-8FD2-9DBB0414EEDC}"
EndProject
Global
	GlobalSection(SolutionConfigurationPlatforms) = preSolution
		Debug|x64 = Debug|x64
		Debug|x86 = Debug|x86
		Release|x64 = Release|x64
		Release|x86 = Release|x86
	EndGlobalSection
	GlobalSection(ProjectConfigurationPlatforms) = postSolution
		{0AFDC965-5072-4970-944C-6ACC13955592}.Debug|x64.ActiveCfg = Debug|x64
		{0AFDC965-5072-4970-944C-6ACC13955592}.Debug|x64.Build.0 = Debug|x64
		{0AFDC965-5072-4970-944C-6ACC13955592}.Debug|x86.ActiveCfg = Debug|Win32
		{0AFDC965-5072-4970-944C-6ACC13955592}.Debug|x86.Build.0 = Debug|Win32
		{0AFDC965-5072-4970-944C-6ACC13955592}.Release|x64.ActiveCfg = Release|x64
		{0AFDC965-5072-4970-944C-6ACC13955592}.Release|x64.Build.0 = Release|x64
		{0AFDC965-5072-4970-944C-6ACC13955592}.Release|x86.ActiveCfg = Release|Win32
		{0AFDC965-5072-4970-944C-6ACC13955592}.Release|x86.Build.0 = Release|Win32
		{2661FA5E-ACC3-4D27-8FD2-9DBB0414EEDC}.Debug|x64.ActiveCfg = Debug|Win32
		{2661FA5E-ACC3-4D27-8FD2-9DBB0414EEDC}.Debug|x86.ActiveCfg = Debug|Win32
		{2661FA5E-ACC3-4D27-8FD2-9DBB0414EEDC}.Debug|x86.Build.0 = Debug|Win32
		{2661FA5E-ACC3-4D27-8FD2-9DBB0414EEDC}.Release|x64.ActiveCfg = Release|Win32
		{2661FA5E-ACC3-4D27-8FD2-9DBB0414EEDC}.Release|x86.ActiveCfg = Release|Win32
		{2661FA5E-ACC3-4D27-8FD2-9DBB0414EEDC}.Release|x86.Build.0 = Release|Win32
	EndGlobalSection
	GlobalSection(SolutionProperties) = preSolution
		HideSolutionNode = FALSE
	EndGlobalSection
	GlobalSection(ExtensibilityGlobals) = postSolution
		SolutionGuid = {B43DD340-B62B-4298-B2D1-30420FFE507B}
	EndGlobalSection
EndGlobal
